
Microsoft Visual Studio Solution File, Format Version 12.00
# Visual Studio Version 16
VisualStudioVersion = 16.0.31702.278
MinimumVisualStudioVersion = 10.0.40219.1
Project("{FAE04EC0-301F-11D3-BF4B-00C04F79EFBC}") = "ex1", "Task3\ex1.csproj", "{6828B494-6927-4AA1-A533-DB12A2F4AC5B}"
EndProject
Project("{FAE04EC0-301F-11D3-BF4B-00C04F79EFBC}") = "ex2", "Ex1\ex2.csproj", "{02B0F5BC-2362-4BF4-BFA1-A36815696B44}"
EndProject
Project("{FAE04EC0-301F-11D3-BF4B-00C04F79EFBC}") = "ex3", "ex2\ex3.csproj", "{FB1DA47C-716D-4F2E-8DC2-2C404D13541A}"
EndProject
Project("{FAE04EC0-301F-11D3-BF4B-00C04F79EFBC}") = "ex4", "ex3\ex4.csproj", "{4F8E788C-55A7-4B1B-BA64-E88A94152085}"
EndProject
Project("{FAE04EC0-301F-11D3-BF4B-00C04F79EFBC}") = "UWP-009", "ex4\UWP-009.csproj", "{36F6C2F8-04D8-4815-9D03-4BFD2AE11F01}"
EndProject
Project("{FAE04EC0-301F-11D3-BF4B-00C04F79EFBC}") = "UWP-010", "UWP-010\UWP-010.csproj", "{620FDC4F-FF7A-4FA1-9A17-1178AF2D68BA}"
EndProject
Project("{FAE04EC0-301F-11D3-BF4B-00C04F79EFBC}") = "UWP-011", "UWP-011\UWP-011.csproj", "{557EABD4-AD06-491F-8491-66BDDCFDD900}"
EndProject
Project("{FAE04EC0-301F-11D3-BF4B-00C04F79EFBC}") = "UWP-012", "UWP-012\UWP-012.csproj", "{753354E0-94EB-48F3-A027-0D8704F2C586}"
EndProject
Project("{FAE04EC0-301F-11D3-BF4B-00C04F79EFBC}") = "UWP-013", "UWP-013\UWP-013.csproj", "{84254236-27DA-434F-A01C-59FAA09F7878}"
EndProject
Global
	GlobalSection(SolutionConfigurationPlatforms) = preSolution
		Debug|ARM = Debug|ARM
		Debug|ARM64 = Debug|ARM64
		Debug|x64 = Debug|x64
		Debug|x86 = Debug|x86
		Release|ARM = Release|ARM
		Release|ARM64 = Release|ARM64
		Release|x64 = Release|x64
		Release|x86 = Release|x86
	EndGlobalSection
	GlobalSection(ProjectConfigurationPlatforms) = postSolution
		{6828B494-6927-4AA1-A533-DB12A2F4AC5B}.Debug|ARM.ActiveCfg = Debug|ARM
		{6828B494-6927-4AA1-A533-DB12A2F4AC5B}.Debug|ARM.Build.0 = Debug|ARM
		{6828B494-6927-4AA1-A533-DB12A2F4AC5B}.Debug|ARM.Deploy.0 = Debug|ARM
		{6828B494-6927-4AA1-A533-DB12A2F4AC5B}.Debug|ARM64.ActiveCfg = Debug|ARM64
		{6828B494-6927-4AA1-A533-DB12A2F4AC5B}.Debug|ARM64.Build.0 = Debug|ARM64
		{6828B494-6927-4AA1-A533-DB12A2F4AC5B}.Debug|ARM64.Deploy.0 = Debug|ARM64
		{6828B494-6927-4AA1-A533-DB12A2F4AC5B}.Debug|x64.ActiveCfg = Debug|x64
		{6828B494-6927-4AA1-A533-DB12A2F4AC5B}.Debug|x64.Build.0 = Debug|x64
		{6828B494-6927-4AA1-A533-DB12A2F4AC5B}.Debug|x64.Deploy.0 = Debug|x64
		{6828B494-6927-4AA1-A533-DB12A2F4AC5B}.Debug|x86.ActiveCfg = Debug|x86
		{6828B494-6927-4AA1-A533-DB12A2F4AC5B}.Debug|x86.Build.0 = Debug|x86
		{6828B494-6927-4AA1-A533-DB12A2F4AC5B}.Debug|x86.Deploy.0 = Debug|x86
		{6828B494-6927-4AA1-A533-DB12A2F4AC5B}.Release|ARM.ActiveCfg = Release|ARM
		{6828B494-6927-4AA1-A533-DB12A2F4AC5B}.Release|ARM.Build.0 = Release|ARM
		{6828B494-6927-4AA1-A533-DB12A2F4AC5B}.Release|ARM.Deploy.0 = Release|ARM
		{6828B494-6927-4AA1-A533-DB12A2F4AC5B}.Release|ARM64.ActiveCfg = Release|ARM64
		{6828B494-6927-4AA1-A533-DB12A2F4AC5B}.Release|ARM64.Build.0 = Release|ARM64
		{6828B494-6927-4AA1-A533-DB12A2F4AC5B}.Release|ARM64.Deploy.0 = Release|ARM64
		{6828B494-6927-4AA1-A533-DB12A2F4AC5B}.Release|x64.ActiveCfg = Release|x64
		{6828B494-6927-4AA1-A533-DB12A2F4AC5B}.Release|x64.Build.0 = Release|x64
		{6828B494-6927-4AA1-A533-DB12A2F4AC5B}.Release|x64.Deploy.0 = Release|x64
		{6828B494-6927-4AA1-A533-DB12A2F4AC5B}.Release|x86.ActiveCfg = Release|x86
		{6828B494-6927-4AA1-A533-DB12A2F4AC5B}.Release|x86.Build.0 = Release|x86
		{6828B494-6927-4AA1-A533-DB12A2F4AC5B}.Release|x86.Deploy.0 = Release|x86
		{02B0F5BC-2362-4BF4-BFA1-A36815696B44}.Debug|ARM.ActiveCfg = Debug|ARM
		{02B0F5BC-2362-4BF4-BFA1-A36815696B44}.Debug|ARM.Build.0 = Debug|ARM
		{02B0F5BC-2362-4BF4-BFA1-A36815696B44}.Debug|ARM.Deploy.0 = Debug|ARM
		{02B0F5BC-2362-4BF4-BFA1-A36815696B44}.Debug|ARM64.ActiveCfg = Debug|ARM64
		{02B0F5BC-2362-4BF4-BFA1-A36815696B44}.Debug|ARM64.Build.0 = Debug|ARM64
		{02B0F5BC-2362-4BF4-BFA1-A36815696B44}.Debug|ARM64.Deploy.0 = Debug|ARM64
		{02B0F5BC-2362-4BF4-BFA1-A36815696B44}.Debug|x64.ActiveCfg = Debug|x64
		{02B0F5BC-2362-4BF4-BFA1-A36815696B44}.Debug|x64.Build.0 = Debug|x64
		{02B0F5BC-2362-4BF4-BFA1-A36815696B44}.Debug|x64.Deploy.0 = Debug|x64
		{02B0F5BC-2362-4BF4-BFA1-A36815696B44}.Debug|x86.ActiveCfg = Debug|x86
		{02B0F5BC-2362-4BF4-BFA1-A36815696B44}.Debug|x86.Build.0 = Debug|x86
		{02B0F5BC-2362-4BF4-BFA1-A36815696B44}.Debug|x86.Deploy.0 = Debug|x86
		{02B0F5BC-2362-4BF4-BFA1-A36815696B44}.Release|ARM.ActiveCfg = Release|ARM
		{02B0F5BC-2362-4BF4-BFA1-A36815696B44}.Release|ARM.Build.0 = Release|ARM
		{02B0F5BC-2362-4BF4-BFA1-A36815696B44}.Release|ARM.Deploy.0 = Release|ARM
		{02B0F5BC-2362-4BF4-BFA1-A36815696B44}.Release|ARM64.ActiveCfg = Release|ARM64
		{02B0F5BC-2362-4BF4-BFA1-A36815696B44}.Release|ARM64.Build.0 = Release|ARM64
		{02B0F5BC-2362-4BF4-BFA1-A36815696B44}.Release|ARM64.Deploy.0 = Release|ARM64
		{02B0F5BC-2362-4BF4-BFA1-A36815696B44}.Release|x64.ActiveCfg = Release|x64
		{02B0F5BC-2362-4BF4-BFA1-A36815696B44}.Release|x64.Build.0 = Release|x64
		{02B0F5BC-2362-4BF4-BFA1-A36815696B44}.Release|x64.Deploy.0 = Release|x64
		{02B0F5BC-2362-4BF4-BFA1-A36815696B44}.Release|x86.ActiveCfg = Release|x86
		{02B0F5BC-2362-4BF4-BFA1-A36815696B44}.Release|x86.Build.0 = Release|x86
		{02B0F5BC-2362-4BF4-BFA1-A36815696B44}.Release|x86.Deploy.0 = Release|x86
		{FB1DA47C-716D-4F2E-8DC2-2C404D13541A}.Debug|ARM.ActiveCfg = Debug|ARM
		{FB1DA47C-716D-4F2E-8DC2-2C404D13541A}.Debug|ARM.Build.0 = Debug|ARM
		{FB1DA47C-716D-4F2E-8DC2-2C404D13541A}.Debug|ARM.Deploy.0 = Debug|ARM
		{FB1DA47C-716D-4F2E-8DC2-2C404D13541A}.Debug|ARM64.ActiveCfg = Debug|ARM64
		{FB1DA47C-716D-4F2E-8DC2-2C404D13541A}.Debug|ARM64.Build.0 = Debug|ARM64
		{FB1DA47C-716D-4F2E-8DC2-2C404D13541A}.Debug|ARM64.Deploy.0 = Debug|ARM64
		{FB1DA47C-716D-4F2E-8DC2-2C404D13541A}.Debug|x64.ActiveCfg = Debug|x64
		{FB1DA47C-716D-4F2E-8DC2-2C404D13541A}.Debug|x64.Build.0 = Debug|x64
		{FB1DA47C-716D-4F2E-8DC2-2C404D13541A}.Debug|x64.Deploy.0 = Debug|x64
		{FB1DA47C-716D-4F2E-8DC2-2C404D13541A}.Debug|x86.ActiveCfg = Debug|x86
		{FB1DA47C-716D-4F2E-8DC2-2C404D13541A}.Debug|x86.Build.0 = Debug|x86
		{FB1DA47C-716D-4F2E-8DC2-2C404D13541A}.Debug|x86.Deploy.0 = Debug|x86
		{FB1DA47C-716D-4F2E-8DC2-2C404D13541A}.Release|ARM.ActiveCfg = Release|ARM
		{FB1DA47C-716D-4F2E-8DC2-2C404D13541A}.Release|ARM.Build.0 = Release|ARM
		{FB1DA47C-716D-4F2E-8DC2-2C404D13541A}.Release|ARM.Deploy.0 = Release|ARM
		{FB1DA47C-716D-4F2E-8DC2-2C404D13541A}.Release|ARM64.ActiveCfg = Release|ARM64
		{FB1DA47C-716D-4F2E-8DC2-2C404D13541A}.Release|ARM64.Build.0 = Release|ARM64
		{FB1DA47C-716D-4F2E-8DC2-2C404D13541A}.Release|ARM64.Deploy.0 = Release|ARM64
		{FB1DA47C-716D-4F2E-8DC2-2C404D13541A}.Release|x64.ActiveCfg = Release|x64
		{FB1DA47C-716D-4F2E-8DC2-2C404D13541A}.Release|x64.Build.0 = Release|x64
		{FB1DA47C-716D-4F2E-8DC2-2C404D13541A}.Release|x64.Deploy.0 = Release|x64
		{FB1DA47C-716D-4F2E-8DC2-2C404D13541A}.Release|x86.ActiveCfg = Release|x86
		{FB1DA47C-716D-4F2E-8DC2-2C404D13541A}.Release|x86.Build.0 = Release|x86
		{FB1DA47C-716D-4F2E-8DC2-2C404D13541A}.Release|x86.Deploy.0 = Release|x86
		{4F8E788C-55A7-4B1B-BA64-E88A94152085}.Debug|ARM.ActiveCfg = Debug|ARM
		{4F8E788C-55A7-4B1B-BA64-E88A94152085}.Debug|ARM.Build.0 = Debug|ARM
		{4F8E788C-55A7-4B1B-BA64-E88A94152085}.Debug|ARM.Deploy.0 = Debug|ARM
		{4F8E788C-55A7-4B1B-BA64-E88A94152085}.Debug|ARM64.ActiveCfg = Debug|ARM64
		{4F8E788C-55A7-4B1B-BA64-E88A94152085}.Debug|ARM64.Build.0 = Debug|ARM64
		{4F8E788C-55A7-4B1B-BA64-E88A94152085}.Debug|ARM64.Deploy.0 = Debug|ARM64
		{4F8E788C-55A7-4B1B-BA64-E88A94152085}.Debug|x64.ActiveCfg = Debug|x64
		{4F8E788C-55A7-4B1B-BA64-E88A94152085}.Debug|x64.Build.0 = Debug|x64
		{4F8E788C-55A7-4B1B-BA64-E88A94152085}.Debug|x64.Deploy.0 = Debug|x64
		{4F8E788C-55A7-4B1B-BA64-E88A94152085}.Debug|x86.ActiveCfg = Debug|x86
		{4F8E788C-55A7-4B1B-BA64-E88A94152085}.Debug|x86.Build.0 = Debug|x86
		{4F8E788C-55A7-4B1B-BA64-E88A94152085}.Debug|x86.Deploy.0 = Debug|x86
		{4F8E788C-55A7-4B1B-BA64-E88A94152085}.Release|ARM.ActiveCfg = Release|ARM
		{4F8E788C-55A7-4B1B-BA64-E88A94152085}.Release|ARM.Build.0 = Release|ARM
		{4F8E788C-55A7-4B1B-BA64-E88A94152085}.Release|ARM.Deploy.0 = Release|ARM
		{4F8E788C-55A7-4B1B-BA64-E88A94152085}.Release|ARM64.ActiveCfg = Release|ARM64
		{4F8E788C-55A7-4B1B-BA64-E88A94152085}.Release|ARM64.Build.0 = Release|ARM64
		{4F8E788C-55A7-4B1B-BA64-E88A94152085}.Release|ARM64.Deploy.0 = Release|ARM64
		{4F8E788C-55A7-4B1B-BA64-E88A94152085}.Release|x64.ActiveCfg = Release|x64
		{4F8E788C-55A7-4B1B-BA64-E88A94152085}.Release|x64.Build.0 = Release|x64
		{4F8E788C-55A7-4B1B-BA64-E88A94152085}.Release|x64.Deploy.0 = Release|x64
		{4F8E788C-55A7-4B1B-BA64-E88A94152085}.Release|x86.ActiveCfg = Release|x86
		{4F8E788C-55A7-4B1B-BA64-E88A94152085}.Release|x86.Build.0 = Release|x86
		{4F8E788C-55A7-4B1B-BA64-E88A94152085}.Release|x86.Deploy.0 = Release|x86
		{36F6C2F8-04D8-4815-9D03-4BFD2AE11F01}.Debug|ARM.ActiveCfg = Debug|ARM
		{36F6C2F8-04D8-4815-9D03-4BFD2AE11F01}.Debug|ARM.Build.0 = Debug|ARM
		{36F6C2F8-04D8-4815-9D03-4BFD2AE11F01}.Debug|ARM.Deploy.0 = Debug|ARM
		{36F6C2F8-04D8-4815-9D03-4BFD2AE11F01}.Debug|ARM64.ActiveCfg = Debug|ARM64
		{36F6C2F8-04D8-4815-9D03-4BFD2AE11F01}.Debug|ARM64.Build.0 = Debug|ARM64
		{36F6C2F8-04D8-4815-9D03-4BFD2AE11F01}.Debug|ARM64.Deploy.0 = Debug|ARM64
		{36F6C2F8-04D8-4815-9D03-4BFD2AE11F01}.Debug|x64.ActiveCfg = Debug|x64
		{36F6C2F8-04D8-4815-9D03-4BFD2AE11F01}.Debug|x64.Build.0 = Debug|x64
		{36F6C2F8-04D8-4815-9D03-4BFD2AE11F01}.Debug|x64.Deploy.0 = Debug|x64
		{36F6C2F8-04D8-4815-9D03-4BFD2AE11F01}.Debug|x86.ActiveCfg = Debug|x86
		{36F6C2F8-04D8-4815-9D03-4BFD2AE11F01}.Debug|x86.Build.0 = Debug|x86
		{36F6C2F8-04D8-4815-9D03-4BFD2AE11F01}.Debug|x86.Deploy.0 = Debug|x86
		{36F6C2F8-04D8-4815-9D03-4BFD2AE11F01}.Release|ARM.ActiveCfg = Release|ARM
		{36F6C2F8-04D8-4815-9D03-4BFD2AE11F01}.Release|ARM.Build.0 = Release|ARM
		{36F6C2F8-04D8-4815-9D03-4BFD2AE11F01}.Release|ARM.Deploy.0 = Release|ARM
		{36F6C2F8-04D8-4815-9D03-4BFD2AE11F01}.Release|ARM64.ActiveCfg = Release|ARM64
		{36F6C2F8-04D8-4815-9D03-4BFD2AE11F01}.Release|ARM64.Build.0 = Release|ARM64
		{36F6C2F8-04D8-4815-9D03-4BFD2AE11F01}.Release|ARM64.Deploy.0 = Release|ARM64
		{36F6C2F8-04D8-4815-9D03-4BFD2AE11F01}.Release|x64.ActiveCfg = Release|x64
		{36F6C2F8-04D8-4815-9D03-4BFD2AE11F01}.Release|x64.Build.0 = Release|x64
		{36F6C2F8-04D8-4815-9D03-4BFD2AE11F01}.Release|x64.Deploy.0 = Release|x64
		{36F6C2F8-04D8-4815-9D03-4BFD2AE11F01}.Release|x86.ActiveCfg = Release|x86
		{36F6C2F8-04D8-4815-9D03-4BFD2AE11F01}.Release|x86.Build.0 = Release|x86
		{36F6C2F8-04D8-4815-9D03-4BFD2AE11F01}.Release|x86.Deploy.0 = Release|x86
		{620FDC4F-FF7A-4FA1-9A17-1178AF2D68BA}.Debug|ARM.ActiveCfg = Debug|ARM
		{620FDC4F-FF7A-4FA1-9A17-1178AF2D68BA}.Debug|ARM.Build.0 = Debug|ARM
		{620FDC4F-FF7A-4FA1-9A17-1178AF2D68BA}.Debug|ARM.Deploy.0 = Debug|ARM
		{620FDC4F-FF7A-4FA1-9A17-1178AF2D68BA}.Debug|ARM64.ActiveCfg = Debug|ARM64
		{620FDC4F-FF7A-4FA1-9A17-1178AF2D68BA}.Debug|ARM64.Build.0 = Debug|ARM64
		{620FDC4F-FF7A-4FA1-9A17-1178AF2D68BA}.Debug|ARM64.Deploy.0 = Debug|ARM64
		{620FDC4F-FF7A-4FA1-9A17-1178AF2D68BA}.Debug|x64.ActiveCfg = Debug|x64
		{620FDC4F-FF7A-4FA1-9A17-1178AF2D68BA}.Debug|x64.Build.0 = Debug|x64
		{620FDC4F-FF7A-4FA1-9A17-1178AF2D68BA}.Debug|x64.Deploy.0 = Debug|x64
		{620FDC4F-FF7A-4FA1-9A17-1178AF2D68BA}.Debug|x86.ActiveCfg = Debug|x86
		{620FDC4F-FF7A-4FA1-9A17-1178AF2D68BA}.Debug|x86.Build.0 = Debug|x86
		{620FDC4F-FF7A-4FA1-9A17-1178AF2D68BA}.Debug|x86.Deploy.0 = Debug|x86
		{620FDC4F-FF7A-4FA1-9A17-1178AF2D68BA}.Release|ARM.ActiveCfg = Release|ARM
		{620FDC4F-FF7A-4FA1-9A17-1178AF2D68BA}.Release|ARM.Build.0 = Release|ARM
		{620FDC4F-FF7A-4FA1-9A17-1178AF2D68BA}.Release|ARM.Deploy.0 = Release|ARM
		{620FDC4F-FF7A-4FA1-9A17-1178AF2D68BA}.Release|ARM64.ActiveCfg = Release|ARM64
		{620FDC4F-FF7A-4FA1-9A17-1178AF2D68BA}.Release|ARM64.Build.0 = Release|ARM64
		{620FDC4F-FF7A-4FA1-9A17-1178AF2D68BA}.Release|ARM64.Deploy.0 = Release|ARM64
		{620FDC4F-FF7A-4FA1-9A17-1178AF2D68BA}.Release|x64.ActiveCfg = Release|x64
		{620FDC4F-FF7A-4FA1-9A17-1178AF2D68BA}.Release|x64.Build.0 = Release|x64
		{620FDC4F-FF7A-4FA1-9A17-1178AF2D68BA}.Release|x64.Deploy.0 = Release|x64
		{620FDC4F-FF7A-4FA1-9A17-1178AF2D68BA}.Release|x86.ActiveCfg = Release|x86
		{620FDC4F-FF7A-4FA1-9A17-1178AF2D68BA}.Release|x86.Build.0 = Release|x86
		{620FDC4F-FF7A-4FA1-9A17-1178AF2D68BA}.Release|x86.Deploy.0 = Release|x86
		{557EABD4-AD06-491F-8491-66BDDCFDD900}.Debug|ARM.ActiveCfg = Debug|ARM
		{557EABD4-AD06-491F-8491-66BDDCFDD900}.Debug|ARM.Build.0 = Debug|ARM
		{557EABD4-AD06-491F-8491-66BDDCFDD900}.Debug|ARM.Deploy.0 = Debug|ARM
		{557EABD4-AD06-491F-8491-66BDDCFDD900}.Debug|ARM64.ActiveCfg = Debug|ARM64
		{557EABD4-AD06-491F-8491-66BDDCFDD900}.Debug|ARM64.Build.0 = Debug|ARM64
		{557EABD4-AD06-491F-8491-66BDDCFDD900}.Debug|ARM64.Deploy.0 = Debug|ARM64
		{557EABD4-AD06-491F-8491-66BDDCFDD900}.Debug|x64.ActiveCfg = Debug|x64
		{557EABD4-AD06-491F-8491-66BDDCFDD900}.Debug|x64.Build.0 = Debug|x64
		{557EABD4-AD06-491F-8491-66BDDCFDD900}.Debug|x64.Deploy.0 = Debug|x64
		{557EABD4-AD06-491F-8491-66BDDCFDD900}.Debug|x86.ActiveCfg = Debug|x86
		{557EABD4-AD06-491F-8491-66BDDCFDD900}.Debug|x86.Build.0 = Debug|x86
		{557EABD4-AD06-491F-8491-66BDDCFDD900}.Debug|x86.Deploy.0 = Debug|x86
		{557EABD4-AD06-491F-8491-66BDDCFDD900}.Release|ARM.ActiveCfg = Release|ARM
		{557EABD4-AD06-491F-8491-66BDDCFDD900}.Release|ARM.Build.0 = Release|ARM
		{557EABD4-AD06-491F-8491-66BDDCFDD900}.Release|ARM.Deploy.0 = Release|ARM
		{557EABD4-AD06-491F-8491-66BDDCFDD900}.Release|ARM64.ActiveCfg = Release|ARM64
		{557EABD4-AD06-491F-8491-66BDDCFDD900}.Release|ARM64.Build.0 = Release|ARM64
		{557EABD4-AD06-491F-8491-66BDDCFDD900}.Release|ARM64.Deploy.0 = Release|ARM64
		{557EABD4-AD06-491F-8491-66BDDCFDD900}.Release|x64.ActiveCfg = Release|x64
		{557EABD4-AD06-491F-8491-66BDDCFDD900}.Release|x64.Build.0 = Release|x64
		{557EABD4-AD06-491F-8491-66BDDCFDD900}.Release|x64.Deploy.0 = Release|x64
		{557EABD4-AD06-491F-8491-66BDDCFDD900}.Release|x86.ActiveCfg = Release|x86
		{557EABD4-AD06-491F-8491-66BDDCFDD900}.Release|x86.Build.0 = Release|x86
		{557EABD4-AD06-491F-8491-66BDDCFDD900}.Release|x86.Deploy.0 = Release|x86
		{753354E0-94EB-48F3-A027-0D8704F2C586}.Debug|ARM.ActiveCfg = Debug|ARM
		{753354E0-94EB-48F3-A027-0D8704F2C586}.Debug|ARM.Build.0 = Debug|ARM
		{753354E0-94EB-48F3-A027-0D8704F2C586}.Debug|ARM.Deploy.0 = Debug|ARM
		{753354E0-94EB-48F3-A027-0D8704F2C586}.Debug|ARM64.ActiveCfg = Debug|ARM64
		{753354E0-94EB-48F3-A027-0D8704F2C586}.Debug|ARM64.Build.0 = Debug|ARM64
		{753354E0-94EB-48F3-A027-0D8704F2C586}.Debug|ARM64.Deploy.0 = Debug|ARM64
		{753354E0-94EB-48F3-A027-0D8704F2C586}.Debug|x64.ActiveCfg = Debug|x64
		{753354E0-94EB-48F3-A027-0D8704F2C586}.Debug|x64.Build.0 = Debug|x64
		{753354E0-94EB-48F3-A027-0D8704F2C586}.Debug|x64.Deploy.0 = Debug|x64
		{753354E0-94EB-48F3-A027-0D8704F2C586}.Debug|x86.ActiveCfg = Debug|x86
		{753354E0-94EB-48F3-A027-0D8704F2C586}.Debug|x86.Build.0 = Debug|x86
		{753354E0-94EB-48F3-A027-0D8704F2C586}.Debug|x86.Deploy.0 = Debug|x86
		{753354E0-94EB-48F3-A027-0D8704F2C586}.Release|ARM.ActiveCfg = Release|ARM
		{753354E0-94EB-48F3-A027-0D8704F2C586}.Release|ARM.Build.0 = Release|ARM
		{753354E0-94EB-48F3-A027-0D8704F2C586}.Release|ARM.Deploy.0 = Release|ARM
		{753354E0-94EB-48F3-A027-0D8704F2C586}.Release|ARM64.ActiveCfg = Release|ARM64
		{753354E0-94EB-48F3-A027-0D8704F2C586}.Release|ARM64.Build.0 = Release|ARM64
		{753354E0-94EB-48F3-A027-0D8704F2C586}.Release|ARM64.Deploy.0 = Release|ARM64
		{753354E0-94EB-48F3-A027-0D8704F2C586}.Release|x64.ActiveCfg = Release|x64
		{753354E0-94EB-48F3-A027-0D8704F2C586}.Release|x64.Build.0 = Release|x64
		{753354E0-94EB-48F3-A027-0D8704F2C586}.Release|x64.Deploy.0 = Release|x64
		{753354E0-94EB-48F3-A027-0D8704F2C586}.Release|x86.ActiveCfg = Release|x86
		{753354E0-94EB-48F3-A027-0D8704F2C586}.Release|x86.Build.0 = Release|x86
		{753354E0-94EB-48F3-A027-0D8704F2C586}.Release|x86.Deploy.0 = Release|x86
		{84254236-27DA-434F-A01C-59FAA09F7878}.Debug|ARM.ActiveCfg = Debug|ARM
		{84254236-27DA-434F-A01C-59FAA09F7878}.Debug|ARM.Build.0 = Debug|ARM
		{84254236-27DA-434F-A01C-59FAA09F7878}.Debug|ARM.Deploy.0 = Debug|ARM
		{84254236-27DA-434F-A01C-59FAA09F7878}.Debug|ARM64.ActiveCfg = Debug|ARM64
		{84254236-27DA-434F-A01C-59FAA09F7878}.Debug|ARM64.Build.0 = Debug|ARM64
		{84254236-27DA-434F-A01C-59FAA09F7878}.Debug|ARM64.Deploy.0 = Debug|ARM64
		{84254236-27DA-434F-A01C-59FAA09F7878}.Debug|x64.ActiveCfg = Debug|x64
		{84254236-27DA-434F-A01C-59FAA09F7878}.Debug|x64.Build.0 = Debug|x64
		{84254236-27DA-434F-A01C-59FAA09F7878}.Debug|x64.Deploy.0 = Debug|x64
		{84254236-27DA-434F-A01C-59FAA09F7878}.Debug|x86.ActiveCfg = Debug|x86
		{84254236-27DA-434F-A01C-59FAA09F7878}.Debug|x86.Build.0 = Debug|x86
		{84254236-27DA-434F-A01C-59FAA09F7878}.Debug|x86.Deploy.0 = Debug|x86
		{84254236-27DA-434F-A01C-59FAA09F7878}.Release|ARM.ActiveCfg = Release|ARM
		{84254236-27DA-434F-A01C-59FAA09F7878}.Release|ARM.Build.0 = Release|ARM
		{84254236-27DA-434F-A01C-59FAA09F7878}.Release|ARM.Deploy.0 = Release|ARM
		{84254236-27DA-434F-A01C-59FAA09F7878}.Release|ARM64.ActiveCfg = Release|ARM64
		{84254236-27DA-434F-A01C-59FAA09F7878}.Release|ARM64.Build.0 = Release|ARM64
		{84254236-27DA-434F-A01C-59FAA09F7878}.Release|ARM64.Deploy.0 = Release|ARM64
		{84254236-27DA-434F-A01C-59FAA09F7878}.Release|x64.ActiveCfg = Release|x64
		{84254236-27DA-434F-A01C-59FAA09F7878}.Release|x64.Build.0 = Release|x64
		{84254236-27DA-434F-A01C-59FAA09F7878}.Release|x64.Deploy.0 = Release|x64
		{84254236-27DA-434F-A01C-59FAA09F7878}.Release|x86.ActiveCfg = Release|x86
		{84254236-27DA-434F-A01C-59FAA09F7878}.Release|x86.Build.0 = Release|x86
		{84254236-27DA-434F-A01C-59FAA09F7878}.Release|x86.Deploy.0 = Release|x86
	EndGlobalSection
	GlobalSection(SolutionProperties) = preSolution
		HideSolutionNode = FALSE
	EndGlobalSection
	GlobalSection(ExtensibilityGlobals) = postSolution
		SolutionGuid = {BCEDBFFD-BCB7-4CED-9F31-0E081970291C}
	EndGlobalSection
EndGlobal
